
Microsoft Visual Studio Solution File, Format Version 12.00
# Visual Studio Version 16
VisualStudioVersion = 16.0.30717.126
MinimumVisualStudioVersion = 10.0.40219.1
Project("{2150E333-8FDC-42A3-9474-1A3956D46DE8}") = "src", "src", "{23F939F8-2893-4EE4-A9F1-38D2047D609A}"
EndProject
Project("{FAE04EC0-301F-11D3-BF4B-00C04F79EFBC}") = "FWCScoreBoard.Library", "src\FWCScoreBoard.Library\FWCScoreBoard.Library.csproj", "{F5A854C2-31F8-417A-A4FB-B409ACFA770E}"
EndProject
Global
	GlobalSection(SolutionConfigurationPlatforms) = preSolution
		Debug|Any CPU = Debug|Any CPU
		Release|Any CPU = Release|Any CPU
	EndGlobalSection
	GlobalSection(ProjectConfigurationPlatforms) = postSolution
		{F5A854C2-31F8-417A-A4FB-B409ACFA770E}.Debug|Any CPU.ActiveCfg = Debug|Any CPU
		{F5A854C2-31F8-417A-A4FB-B409ACFA770E}.Debug|Any CPU.Build.0 = Debug|Any CPU
		{F5A854C2-31F8-417A-A4FB-B409ACFA770E}.Release|Any CPU.ActiveCfg = Release|Any CPU
		{F5A854C2-31F8-417A-A4FB-B409ACFA770E}.Release|Any CPU.Build.0 = Release|Any CPU
	EndGlobalSection
	GlobalSection(SolutionProperties) = preSolution
		HideSolutionNode = FALSE
	EndGlobalSection
	GlobalSection(NestedProjects) = preSolution
		{F5A854C2-31F8-417A-A4FB-B409ACFA770E} = {23F939F8-2893-4EE4-A9F1-38D2047D609A}
	EndGlobalSection
	GlobalSection(ExtensibilityGlobals) = postSolution
		SolutionGuid = {FA8D922C-161A-4986-9C1F-8E493E1BF3BC}
	EndGlobalSection
EndGlobal
